
Microsoft Visual Studio Solution File, Format Version 12.00
# Visual Studio Version 18
VisualStudioVersion = 18.8.12021.73 stable
MinimumVisualStudioVersion = 10.0.40219.1
Project("{9A19103F-16F7-4668-BE54-9A1E7A4F7556}") = "IniFileParser", "IniFileParser\IniFileParser.csproj", "{38863E23-79F3-4FED-A683-D8023786A7AD}"
EndProject
Project("{FAE04EC0-301F-11D3-BF4B-00C04F79EFBC}") = "IniFileParserTests", "IniFileParserTests\IniFileParserTests.csproj", "{07CB9EDE-34A1-4ED1-9CC7-A7C2D7D2637F}"
EndProject
Global
	GlobalSection(SolutionConfigurationPlatforms) = preSolution
		Debug|Any CPU = Debug|Any CPU
		Release|Any CPU = Release|Any CPU
	EndGlobalSection
	GlobalSection(ProjectConfigurationPlatforms) = postSolution
		{38863E23-79F3-4FED-A683-D8023786A7AD}.Debug|Any CPU.ActiveCfg = Debug|Any CPU
		{38863E23-79F3-4FED-A683-D8023786A7AD}.Debug|Any CPU.Build.0 = Debug|Any CPU
		{38863E23-79F3-4FED-A683-D8023786A7AD}.Release|Any CPU.ActiveCfg = Release|Any CPU
		{38863E23-79F3-4FED-A683-D8023786A7AD}.Release|Any CPU.Build.0 = Release|Any CPU
		{07CB9EDE-34A1-4ED1-9CC7-A7C2D7D2637F}.Debug|Any CPU.ActiveCfg = Debug|Any CPU
		{07CB9EDE-34A1-4ED1-9CC7-A7C2D7D2637F}.Debug|Any CPU.Build.0 = Debug|Any CPU
		{07CB9EDE-34A1-4ED1-9CC7-A7C2D7D2637F}.Release|Any CPU.ActiveCfg = Release|Any CPU
		{07CB9EDE-34A1-4ED1-9CC7-A7C2D7D2637F}.Release|Any CPU.Build.0 = Release|Any CPU
	EndGlobalSection
	GlobalSection(SolutionProperties) = preSolution
		HideSolutionNode = FALSE
	EndGlobalSection
	GlobalSection(ExtensibilityGlobals) = postSolution
		SolutionGuid = {1A8114AA-207B-40F5-9FE5-7E8AA384C494}
	EndGlobalSection
EndGlobal
